
Microsoft Visual Studio Solution File, Format Version 12.00
# Visual Studio Version 16
VisualStudioVersion = 16.0.29418.71
MinimumVisualStudioVersion = 10.0.40219.1
Project("{FAE04EC0-301F-11D3-BF4B-00C04F79EFBC}") = "DesiginPatterns", "DesiginPatterns.csproj", "{8DE7D79B-0582-478B-9A70-7796CEE17BC6}"
EndProject
Global
	GlobalSection(SolutionConfigurationPlatforms) = preSolution
		Debug|Any CPU = Debug|Any CPU
		Release|Any CPU = Release|Any CPU
	EndGlobalSection
	GlobalSection(ProjectConfigurationPlatforms) = postSolution
		{8DE7D79B-0582-478B-9A70-7796CEE17BC6}.Debug|Any CPU.ActiveCfg = Debug|Any CPU
		{8DE7D79B-0582-478B-9A70-7796CEE17BC6}.Debug|Any CPU.Build.0 = Debug|Any CPU
		{8DE7D79B-0582-478B-9A70-7796CEE17BC6}.Release|Any CPU.ActiveCfg = Release|Any CPU
		{8DE7D79B-0582-478B-9A70-7796CEE17BC6}.Release|Any CPU.Build.0 = Release|Any CPU
	EndGlobalSection
	GlobalSection(SolutionProperties) = preSolution
		HideSolutionNode = FALSE
	EndGlobalSection
	GlobalSection(ExtensibilityGlobals) = postSolution
		SolutionGuid = {A376851B-ED72-4B2E-9AFE-34DCBB5DB801}
	EndGlobalSection
EndGlobal
